<Solution>
  <Folder Name="/Solution Items/">
    <File Path=".editorconfig" />
    <File Path="Directory.Build.props" />
    <File Path="stylecop.json" />
  </Folder>
  <Folder Name="/src/" />
  <Folder Name="/src/Core/">
    <Project Path="src/Core/CleanArchitectureTemplate.Application/CleanArchitectureTemplate.Application.csproj" />
    <Project Path="src/Core/CleanArchitectureTemplate.Domain/CleanArchitectureTemplate.Domain.csproj" />
  </Folder>
  <Folder Name="/src/Infrastructure/">
    <Project Path="src/Infrastructure/CleanArchitectureTemplate.Infrastructure/CleanArchitectureTemplate.Infrastructure.csproj" />
  </Folder>
  <Folder Name="/src/Presentation/">
    <Project Path="src/Presentation/CleanArchitectureTemplate.Contracts/CleanArchitectureTemplate.Contracts.csproj" />
  </Folder>
  <Folder Name="/src/Presentation/API/">
    <Project Path="src/Presentation/API/CleanArchitectureTemplate.csproj" />
  </Folder>
  <Folder Name="/test/">
    <Project Path="test/Application.SubcutaneousTests/Application.SubcutaneousTests.csproj" Id="3e9d82d8-4225-472c-9652-4aac6e0fd0be" />
    <Project Path="test/ArchitectureTests/ArchitectureTests.csproj" />
    <Project Path="test/IntegrationTests/IntegrationTests.csproj" Id="3e946d7e-dc05-41a3-ba18-1af71048ae35" />
  </Folder>
  <Folder Name="/test/UnitTests/">
    <Project Path="test/UnitTests/Application.UnitTests/Application.UnitTests.csproj" Id="f3349987-af44-4d39-8c10-bdb010c97a0c" />
    <Project Path="test/UnitTests/Domain.UnitTest/Domain.UnitTest.csproj" Id="c5b94b33-4693-4a64-8de7-91f68443168d" />
  </Folder>
</Solution>
